
Microsoft Visual Studio Solution File, Format Version 12.00
# Visual Studio Version 16
VisualStudioVersion = 16.0.30002.166
MinimumVisualStudioVersion = 10.0.40219.1
Project("{FAE04EC0-301F-11D3-BF4B-00C04F79EFBC}") = "AbraCADabra", "AbraCADabra\AbraCADabra.csproj", "{EC0D731F-ABDA-400C-B7F9-F7E54E263258}"
EndProject
Project("{FAE04EC0-301F-11D3-BF4B-00C04F79EFBC}") = "AbraCADabra.UnitTests", "AbraCADabra.UnitTests\AbraCADabra.UnitTests.csproj", "{D5DBB62E-3487-463F-BB30-EAF271BD790A}"
EndProject
Global
	GlobalSection(SolutionConfigurationPlatforms) = preSolution
		Debug|Any CPU = Debug|Any CPU
		Release|Any CPU = Release|Any CPU
	EndGlobalSection
	GlobalSection(ProjectConfigurationPlatforms) = postSolution
		{EC0D731F-ABDA-400C-B7F9-F7E54E263258}.Debug|Any CPU.ActiveCfg = Debug|Any CPU
		{EC0D731F-ABDA-400C-B7F9-F7E54E263258}.Debug|Any CPU.Build.0 = Debug|Any CPU
		{EC0D731F-ABDA-400C-B7F9-F7E54E263258}.Release|Any CPU.ActiveCfg = Release|Any CPU
		{EC0D731F-ABDA-400C-B7F9-F7E54E263258}.Release|Any CPU.Build.0 = Release|Any CPU
		{D5DBB62E-3487-463F-BB30-EAF271BD790A}.Debug|Any CPU.ActiveCfg = Debug|Any CPU
		{D5DBB62E-3487-463F-BB30-EAF271BD790A}.Debug|Any CPU.Build.0 = Debug|Any CPU
		{D5DBB62E-3487-463F-BB30-EAF271BD790A}.Release|Any CPU.ActiveCfg = Release|Any CPU
		{D5DBB62E-3487-463F-BB30-EAF271BD790A}.Release|Any CPU.Build.0 = Release|Any CPU
	EndGlobalSection
	GlobalSection(SolutionProperties) = preSolution
		HideSolutionNode = FALSE
	EndGlobalSection
	GlobalSection(ExtensibilityGlobals) = postSolution
		SolutionGuid = {C9455BF1-4876-4979-864F-C9705AC72475}
	EndGlobalSection
EndGlobal
